{
    "_meta": {
        "hash": {
            "sha256": "84ec03d23b3faaf112738b1220950de8af9b5e717fe14a245ebe9c754b6abe2c"
        },
        "pipfile-spec": 6,
        "requires": {
            "python_version": "3.11"
        },
        "sources": [
            {
                "name": "pypi",
                "url": "https://pypi.org/simple",
                "verify_ssl": true
            }
        ]
    },
    "default": {
        "altgraph": {
            "hashes": [
                "sha256:ad33358114df7c9416cdb8fa1eaa5852166c505118717021c6a8c7c7abbd03dd",
                "sha256:c8ac1ca6772207179ed8003ce7687757c04b0b71536f81e2ac5755c6226458fe"
            ],
            "version": "==0.17.3"
        },
        "attrs": {
            "hashes": [
                "sha256:1f28b4522cdc2fb4256ac1a020c78acf9cba2c6b461ccd2c126f3aa8e8335d04",
                "sha256:6279836d581513a26f1bf235f9acd333bc9115683f14f7e8fae46c98fc50e015"
            ],
            "markers": "python_version >= '3.7'",
            "version": "==23.1.0"
        },
        "fastjsonschema": {
            "hashes": [
                "sha256:128039912a11a807068a7c87d0da36660afbfd7202780db26c4aa7153cfdc799",
                "sha256:e820349dd16f806e4bd1467a138dced9def4bc7d6213a34295272a6cac95b5bd"
            ],
            "version": "==2.18.0"
        },
        "jsonschema": {
            "hashes": [
                "sha256:971be834317c22daaa9132340a51c01b50910724082c2c1a2ac87eeec153a3fe",
                "sha256:fb3642735399fa958c0d2aad7057901554596c63349f4f6b283c493cf692a25d"
            ],
            "markers": "python_version >= '3.8'",
            "version": "==4.18.4"
        },
        "jsonschema-specifications": {
            "hashes": [
                "sha256:05adf340b659828a004220a9613be00fa3f223f2b82002e273dee62fd50524b1",
                "sha256:c91a50404e88a1f6ba40636778e2ee08f6e24c5613fe4c53ac24578a5a7f72bb"
            ],
            "markers": "python_version >= '3.8'",
            "version": "==2023.7.1"
        },
        "jupyter-core": {
            "hashes": [
                "sha256:5ba5c7938a7f97a6b0481463f7ff0dbac7c15ba48cf46fa4035ca6e838aa1aba",
                "sha256:ae9036db959a71ec1cac33081eeb040a79e681f08ab68b0883e9a676c7a90dce"
            ],
            "markers": "python_version >= '3.8'",
            "version": "==5.3.1"
        },
        "nbformat": {
            "hashes": [
                "sha256:3a7f52d040639cbd8a3890218c8b0ffb93211588c57446c90095e32ba5881b5d",
                "sha256:b7968ebf4811178a4108ee837eae1442e3f054132100f0359219e9ed1ce3ca45"
            ],
            "index": "pypi",
            "version": "==5.9.1"
        },
        "pefile": {
            "hashes": [
                "sha256:82e6114004b3d6911c77c3953e3838654b04511b8b66e8583db70c65998017dc",
                "sha256:da185cd2af68c08a6cd4481f7325ed600a88f6a813bad9dea07ab3ef73d8d8d6"
            ],
            "markers": "sys_platform == 'win32'",
            "version": "==2023.2.7"
        },
        "platformdirs": {
            "hashes": [
                "sha256:b45696dab2d7cc691a3226759c0d3b00c47c8b6e293d96f6436f733303f77f6d",
                "sha256:d7c24979f292f916dc9cbf8648319032f551ea8c49a4c9bf2fb556a02070ec1d"
            ],
            "markers": "python_version >= '3.7'",
            "version": "==3.10.0"
        },
        "pyinstaller": {
            "hashes": [
                "sha256:0df43697c4914285ecd333be968d2cd042ab9b2670124879ee87931d2344eaf5",
                "sha256:1fde4381155f21d6354dc450dcaa338cd8a40aaacf6bd22b987b0f3e1f96f3ee",
                "sha256:24009eba63cfdbcde6d2634e9c87f545eb67249ddf3b514e0cd3b2cdaa595828",
                "sha256:28d9742c37e9fb518444b12f8c8ab3cb4ba212d752693c34475c08009aa21ccf",
                "sha256:2d03419904d1c25c8968b0ad21da0e0f33d8d65716e29481b5bd83f7f342b0c5",
                "sha256:3a331951f9744bc2379ea5d65d36f3c828eaefe2785f15039592cdc08560b262",
                "sha256:5e446df41255e815017d96318e39f65a3eb807e74a796c7e7ff7f13b6366a2e9",
                "sha256:78975043edeb628e23a73fb3ef0a273cda50e765f1716f75212ea3e91b09dede",
                "sha256:7fdd319828de679f9c5e381eff998ee9b4164bf4457e7fca56946701cf002c3f",
                "sha256:9fc27c5a853b14a90d39c252707673c7a0efec921cd817169aff3af0fca8c127",
                "sha256:cd7d5c06f2847195a23d72ede17c60857d6f495d6f0727dc6c9bc1235f2eb79c",
                "sha256:e5fb17de6c325d3b2b4ceaeb55130ad7100a79096490e4c5b890224406fa42f4"
            ],
            "index": "pypi",
            "version": "==5.13.0"
        },
        "pyinstaller-hooks-contrib": {
            "hashes": [
                "sha256:596a72009d8692b043e0acbf5e1b476d93149900142ba01845dded91a0770cb5",
                "sha256:aa6d7d038814df6aa7bec7bdbebc7cb4c693d3398df858f6062957f0797d397b"
            ],
            "markers": "python_version >= '3.7'",
            "version": "==2023.6"
        },
        "pywin32": {
            "hashes": [
                "sha256:06d3420a5155ba65f0b72f2699b5bacf3109f36acbe8923765c22938a69dfc8d",
                "sha256:1c73ea9a0d2283d889001998059f5eaaba3b6238f767c9cf2833b13e6a685f65",
                "sha256:37257794c1ad39ee9be652da0462dc2e394c8159dfd913a8a4e8eb6fd346da0e",
                "sha256:383229d515657f4e3ed1343da8be101000562bf514591ff383ae940cad65458b",
                "sha256:39b61c15272833b5c329a2989999dcae836b1eed650252ab1b7bfbe1d59f30f4",
                "sha256:5821ec52f6d321aa59e2db7e0a35b997de60c201943557d108af9d4ae1ec7040",
                "sha256:70dba0c913d19f942a2db25217d9a1b726c278f483a919f1abfed79c9cf64d3a",
                "sha256:72c5f621542d7bdd4fdb716227be0dd3f8565c11b280be6315b06ace35487d36",
                "sha256:84f4471dbca1887ea3803d8848a1616429ac94a4a8d05f4bc9c5dcfd42ca99c8",
                "sha256:a7639f51c184c0272e93f244eb24dafca9b1855707d94c192d4a0b4c01e1100e",
                "sha256:e25fd5b485b55ac9c057f67d94bc203f3f6595078d1fb3b458c9c28b7153a802",
                "sha256:e4c092e2589b5cf0d365849e73e02c391c1349958c5ac3e9d5ccb9a28e017b3a",
                "sha256:e65028133d15b64d2ed8f06dd9fbc268352478d4f9289e69c190ecd6818b6407",
                "sha256:e8ac1ae3601bee6ca9f7cb4b5363bf1c0badb935ef243c4733ff9a393b1690c0"
            ],
            "markers": "sys_platform == 'win32' and platform_python_implementation != 'PyPy'",
            "version": "==306"
        },
        "pywin32-ctypes": {
            "hashes": [
                "sha256:3426e063bdd5fd4df74a14fa3cf80a0b42845a87e1d1e81f6549f9daec593a60",
                "sha256:bf490a1a709baf35d688fe0ecf980ed4de11d2b3e37b51e5442587a75d9957e7"
            ],
            "markers": "sys_platform == 'win32'",
            "version": "==0.2.2"
        },
        "referencing": {
            "hashes": [
                "sha256:47237742e990457f7512c7d27486394a9aadaf876cbfaa4be65b27b4f4d47c6b",
                "sha256:c257b08a399b6c2f5a3510a50d28ab5dbc7bbde049bcaf954d43c446f83ab548"
            ],
            "markers": "python_version >= '3.8'",
            "version": "==0.30.0"
        },
        "rpds-py": {
            "hashes": [
                "sha256:0173c0444bec0a3d7d848eaeca2d8bd32a1b43f3d3fde6617aac3731fa4be05f",
                "sha256:01899794b654e616c8625b194ddd1e5b51ef5b60ed61baa7a2d9c2ad7b2a4238",
                "sha256:02938432352359805b6da099c9c95c8a0547fe4b274ce8f1a91677401bb9a45f",
                "sha256:03421628f0dc10a4119d714a17f646e2837126a25ac7a256bdf7c3943400f67f",
                "sha256:03975db5f103997904c37e804e5f340c8fdabbb5883f26ee50a255d664eed58c",
                "sha256:0766babfcf941db8607bdaf82569ec38107dbb03c7f0b72604a0b346b6eb3298",
                "sha256:07e2c54bef6838fa44c48dfbc8234e8e2466d851124b551fc4e07a1cfeb37260",
                "sha256:0836d71ca19071090d524739420a61580f3f894618d10b666cf3d9a1688355b1",
                "sha256:095b460e117685867d45548fbd8598a8d9999227e9061ee7f012d9d264e6048d",
                "sha256:0e7521f5af0233e89939ad626b15278c71b69dc1dfccaa7b97bd4cdf96536bb7",
                "sha256:0f2996fbac8e0b77fd67102becb9229986396e051f33dbceada3debaacc7033f",
                "sha256:1054a08e818f8e18910f1bee731583fe8f899b0a0a5044c6e680ceea34f93876",
                "sha256:13b602dc3e8dff3063734f02dcf05111e887f301fdda74151a93dbbc249930fe",
                "sha256:141acb9d4ccc04e704e5992d35472f78c35af047fa0cfae2923835d153f091be",
                "sha256:14c408e9d1a80dcb45c05a5149e5961aadb912fff42ca1dd9b68c0044904eb32",
                "sha256:159fba751a1e6b1c69244e23ba6c28f879a8758a3e992ed056d86d74a194a0f3",
                "sha256:190ca6f55042ea4649ed19c9093a9be9d63cd8a97880106747d7147f88a49d18",
                "sha256:196cb208825a8b9c8fc360dc0f87993b8b260038615230242bf18ec84447c08d",
                "sha256:1fcdee18fea97238ed17ab6478c66b2095e4ae7177e35fb71fbe561a27adf620",
                "sha256:207f57c402d1f8712618f737356e4b6f35253b6d20a324d9a47cb9f38ee43a6b",
                "sha256:24a81c177379300220e907e9b864107614b144f6c2a15ed5c3450e19cf536fae",
                "sha256:29cd8bfb2d716366a035913ced99188a79b623a3512292963d84d3e06e63b496",
                "sha256:2d8b3b3a2ce0eaa00c5bbbb60b6713e94e7e0becab7b3db6c5c77f979e8ed1f1",
                "sha256:35da5cc5cb37c04c4ee03128ad59b8c3941a1e5cd398d78c37f716f32a9b7f67",
                "sha256:44659b1f326214950a8204a248ca6199535e73a694be8d3e0e869f820767f12f",
                "sha256:47c5f58a8e0c2c920cc7783113df2fc4ff12bf3a411d985012f145e9242a2764",
                "sha256:4bd4dc3602370679c2dfb818d9c97b1137d4dd412230cfecd3c66a1bf388a196",
                "sha256:4ea6b73c22d8182dff91155af018b11aac9ff7eca085750455c5990cb1cfae6e",
                "sha256:50025635ba8b629a86d9d5474e650da304cb46bbb4d18690532dd79341467846",
                "sha256:517cbf6e67ae3623c5127206489d69eb2bdb27239a3c3cc559350ef52a3bbf0b",
                "sha256:5855c85eb8b8a968a74dc7fb014c9166a05e7e7a8377fb91d78512900aadd13d",
                "sha256:5a46859d7f947061b4010e554ccd1791467d1b1759f2dc2ec9055fa239f1bc26",
                "sha256:65a0583c43d9f22cb2130c7b110e695fff834fd5e832a776a107197e59a1898e",
                "sha256:674c704605092e3ebbbd13687b09c9f78c362a4bc710343efe37a91457123044",
                "sha256:682726178138ea45a0766907957b60f3a1bf3acdf212436be9733f28b6c5af3c",
                "sha256:686ba516e02db6d6f8c279d1641f7067ebb5dc58b1d0536c4aaebb7bf01cdc5d",
                "sha256:6a5d3fbd02efd9cf6a8ffc2f17b53a33542f6b154e88dd7b42ef4a4c0700fdad",
                "sha256:6aa8326a4a608e1c28da191edd7c924dff445251b94653988efb059b16577a4d",
                "sha256:700375326ed641f3d9d32060a91513ad668bcb7e2cffb18415c399acb25de2ab",
                "sha256:71f2f7715935a61fa3e4ae91d91b67e571aeb5cb5d10331ab681256bda2ad920",
                "sha256:745f5a43fdd7d6d25a53ab1a99979e7f8ea419dfefebcab0a5a1e9095490ee5e",
                "sha256:79f594919d2c1a0cc17d1988a6adaf9a2f000d2e1048f71f298b056b1018e872",
                "sha256:7d68dc8acded354c972116f59b5eb2e5864432948e098c19fe6994926d8e15c3",
                "sha256:7f67da97f5b9eac838b6980fc6da268622e91f8960e083a34533ca710bec8611",
                "sha256:83b32f0940adec65099f3b1c215ef7f1d025d13ff947975a055989cb7fd019a4",
                "sha256:876bf9ed62323bc7dcfc261dbc5572c996ef26fe6406b0ff985cbcf460fc8a4c",
                "sha256:890ba852c16ace6ed9f90e8670f2c1c178d96510a21b06d2fa12d8783a905193",
                "sha256:8b08605d248b974eb02f40bdcd1a35d3924c83a2a5e8f5d0fa5af852c4d960af",
                "sha256:8b2eb034c94b0b96d5eddb290b7b5198460e2d5d0c421751713953a9c4e47d10",
                "sha256:8b9ec12ad5f0a4625db34db7e0005be2632c1013b253a4a60e8302ad4d462afd",
                "sha256:8c8d7594e38cf98d8a7df25b440f684b510cf4627fe038c297a87496d10a174f",
                "sha256:8d3335c03100a073883857e91db9f2e0ef8a1cf42dc0369cbb9151c149dbbc1b",
                "sha256:8d70e8f14900f2657c249ea4def963bed86a29b81f81f5b76b5a9215680de945",
                "sha256:9039a11bca3c41be5a58282ed81ae422fa680409022b996032a43badef2a3752",
                "sha256:91378d9f4151adc223d584489591dbb79f78814c0734a7c3bfa9c9e09978121c",
                "sha256:9251eb8aa82e6cf88510530b29eef4fac825a2b709baf5b94a6094894f252387",
                "sha256:933a7d5cd4b84f959aedeb84f2030f0a01d63ae6cf256629af3081cf3e3426e8",
                "sha256:978fa96dbb005d599ec4fd9ed301b1cc45f1a8f7982d4793faf20b404b56677d",
                "sha256:987b06d1cdb28f88a42e4fb8a87f094e43f3c435ed8e486533aea0bf2e53d931",
                "sha256:99b1c16f732b3a9971406fbfe18468592c5a3529585a45a35adbc1389a529a03",
                "sha256:99e7c4bb27ff1aab90dcc3e9d37ee5af0231ed98d99cb6f5250de28889a3d502",
                "sha256:9c439fd54b2b9053717cca3de9583be6584b384d88d045f97d409f0ca867d80f",
                "sha256:9ea4d00850ef1e917815e59b078ecb338f6a8efda23369677c54a5825dbebb55",
                "sha256:9f30d205755566a25f2ae0382944fcae2f350500ae4df4e795efa9e850821d82",
                "sha256:a06418fe1155e72e16dddc68bb3780ae44cebb2912fbd8bb6ff9161de56e1798",
                "sha256:a0805911caedfe2736935250be5008b261f10a729a303f676d3d5fea6900c96a",
                "sha256:a1f044792e1adcea82468a72310c66a7f08728d72a244730d14880cd1dabe36b",
                "sha256:a216b26e5af0a8e265d4efd65d3bcec5fba6b26909014effe20cd302fd1138fa",
                "sha256:a987578ac5214f18b99d1f2a3851cba5b09f4a689818a106c23dbad0dfeb760f",
                "sha256:aad51239bee6bff6823bbbdc8ad85136c6125542bbc609e035ab98ca1e32a192",
                "sha256:ab2299e3f92aa5417d5e16bb45bb4586171c1327568f638e8453c9f8d9e0f020",
                "sha256:ab6919a09c055c9b092798ce18c6c4adf49d24d4d9e43a92b257e3f2548231e7",
                "sha256:b0c43f8ae8f6be1d605b0465671124aa8d6a0e40f1fb81dcea28b7e3d87ca1e1",
                "sha256:b1440c291db3f98a914e1afd9d6541e8fc60b4c3aab1a9008d03da4651e67386",
                "sha256:b52e7c5ae35b00566d244ffefba0f46bb6bec749a50412acf42b1c3f402e2c90",
                "sha256:bf4151acb541b6e895354f6ff9ac06995ad9e4175cbc6d30aaed08856558201f",
                "sha256:c27ee01a6c3223025f4badd533bea5e87c988cb0ba2811b690395dfe16088cfe",
                "sha256:c545d9d14d47be716495076b659db179206e3fd997769bc01e2d550eeb685596",
                "sha256:c5934e2833afeaf36bd1eadb57256239785f5af0220ed8d21c2896ec4d3a765f",
                "sha256:c7671d45530fcb6d5e22fd40c97e1e1e01965fc298cbda523bb640f3d923b387",
                "sha256:c861a7e4aef15ff91233751619ce3a3d2b9e5877e0fcd76f9ea4f6847183aa16",
                "sha256:d25b1c1096ef0447355f7293fbe9ad740f7c47ae032c2884113f8e87660d8f6e",
                "sha256:d55777a80f78dd09410bd84ff8c95ee05519f41113b2df90a69622f5540c4f8b",
                "sha256:d576c3ef8c7b2d560e301eb33891d1944d965a4d7a2eacb6332eee8a71827db6",
                "sha256:dd9da77c6ec1f258387957b754f0df60766ac23ed698b61941ba9acccd3284d1",
                "sha256:de0b6eceb46141984671802d412568d22c6bacc9b230174f9e55fc72ef4f57de",
                "sha256:e07e5dbf8a83c66783a9fe2d4566968ea8c161199680e8ad38d53e075df5f0d0",
                "sha256:e564d2238512c5ef5e9d79338ab77f1cbbda6c2d541ad41b2af445fb200385e3",
                "sha256:ed89861ee8c8c47d6beb742a602f912b1bb64f598b1e2f3d758948721d44d468",
                "sha256:ef1f08f2a924837e112cba2953e15aacfccbbfcd773b4b9b4723f8f2ddded08e",
                "sha256:f411330a6376fb50e5b7a3e66894e4a39e60ca2e17dce258d53768fea06a37bd",
                "sha256:f68996a3b3dc9335037f82754f9cdbe3a95db42bde571d8c3be26cc6245f2324",
                "sha256:f7fdf55283ad38c33e35e2855565361f4bf0abd02470b8ab28d499c663bc5d7c",
                "sha256:f963c6b1218b96db85fc37a9f0851eaf8b9040aa46dec112611697a7023da535",
                "sha256:fa2818759aba55df50592ecbc95ebcdc99917fa7b55cc6796235b04193eb3c55",
                "sha256:fae5cb554b604b3f9e2c608241b5d8d303e410d7dfb6d397c335f983495ce7f6",
                "sha256:fb39aca7a64ad0c9490adfa719dbeeb87d13be137ca189d2564e596f8ba32c07"
            ],
            "markers": "python_version >= '3.8'",
            "version": "==0.9.2"
        },
        "setuptools": {
            "hashes": [
                "sha256:11e52c67415a381d10d6b462ced9cfb97066179f0e871399e006c4ab101fc85f",
                "sha256:baf1fdb41c6da4cd2eae722e135500da913332ab3f2f5c7d33af9b492acb5235"
            ],
            "markers": "python_version >= '3.7'",
            "version": "==68.0.0"
        },
        "traitlets": {
            "hashes": [
                "sha256:9e6ec080259b9a5940c797d58b613b5e31441c2257b87c2e795c5228ae80d2d8",
                "sha256:f6cde21a9c68cf756af02035f72d5a723bf607e862e7be33ece505abf4a3bad9"
            ],
            "markers": "python_version >= '3.7'",
            "version": "==5.9.0"
        }
    },
    "develop": {}
}
